// !$*UTF8*$!
{
	archiveVersion = 1;
	classes = {
	};
	objectVersion = 55;
	objects = {

/* Begin PBXBuildFile section */
		020C720C28168FF500A0DE3A /* AppDelegate.swift in Sources */ = {isa = PBXBuildFile; fileRef = 020C720B28168FF500A0DE3A /* AppDelegate.swift */; };
		020C720E28168FF500A0DE3A /* SceneDelegate.swift in Sources */ = {isa = PBXBuildFile; fileRef = 020C720D28168FF500A0DE3A /* SceneDelegate.swift */; };
		020C721128168FF500A0DE3A /* MainView.swift in Sources */ = {isa = PBXBuildFile; fileRef = 020C721028168FF500A0DE3A /* MainView.swift */; };
		020C721328168FF500A0DE3A /* MainViewController.swift in Sources */ = {isa = PBXBuildFile; fileRef = 020C721228168FF500A0DE3A /* MainViewController.swift */; };
		020C721528168FF500A0DE3A /* Assets.xcassets in Resources */ = {isa = PBXBuildFile; fileRef = 020C721428168FF500A0DE3A /* Assets.xcassets */; };
		020C721828168FF500A0DE3A /* LaunchScreen.storyboard in Resources */ = {isa = PBXBuildFile; fileRef = 020C721628168FF500A0DE3A /* LaunchScreen.storyboard */; };
		020C72212816905400A0DE3A /* Inject in Frameworks */ = {isa = PBXBuildFile; productRef = 020C72202816905300A0DE3A /* Inject */; };
		020C722B2816929900A0DE3A /* AppDelegate.swift in Sources */ = {isa = PBXBuildFile; fileRef = 020C722A2816929900A0DE3A /* AppDelegate.swift */; };
		020C722D2816929900A0DE3A /* ViewController.swift in Sources */ = {isa = PBXBuildFile; fileRef = 020C722C2816929900A0DE3A /* ViewController.swift */; };
		020C722F2816929900A0DE3A /* Assets.xcassets in Resources */ = {isa = PBXBuildFile; fileRef = 020C722E2816929900A0DE3A /* Assets.xcassets */; };
		020C72322816929900A0DE3A /* Main.storyboard in Resources */ = {isa = PBXBuildFile; fileRef = 020C72302816929900A0DE3A /* Main.storyboard */; };
		020C72382816930800A0DE3A /* main.swift in Sources */ = {isa = PBXBuildFile; fileRef = 020C72372816930800A0DE3A /* main.swift */; };
		020C723B2816935100A0DE3A /* Inject in Frameworks */ = {isa = PBXBuildFile; productRef = 020C723A2816935100A0DE3A /* Inject */; };
		020C723C2816935100A0DE3A /* HotReloadingExamples.app in Resources */ = {isa = PBXBuildFile; fileRef = 020C720628168FF500A0DE3A /* HotReloadingExamples.app */; };
/* End PBXBuildFile section */

/* Begin PBXContainerItemProxy section */
		020C723D2816935100A0DE3A /* PBXContainerItemProxy */ = {
			isa = PBXContainerItemProxy;
			containerPortal = 020C71FE28168FF500A0DE3A /* Project object */;
			proxyType = 1;
			remoteGlobalIDString = 020C720528168FF500A0DE3A;
			remoteInfo = HotReloadingExamples;
		};
/* End PBXContainerItemProxy section */

/* Begin PBXFileReference section */
		020C720628168FF500A0DE3A /* HotReloadingExamples.app */ = {isa = PBXFileReference; explicitFileType = wrapper.application; includeInIndex = 0; path = HotReloadingExamples.app; sourceTree = BUILT_PRODUCTS_DIR; };
		020C720B28168FF500A0DE3A /* AppDelegate.swift */ = {isa = PBXFileReference; lastKnownFileType = sourcecode.swift; path = AppDelegate.swift; sourceTree = "<group>"; };
		020C720D28168FF500A0DE3A /* SceneDelegate.swift */ = {isa = PBXFileReference; lastKnownFileType = sourcecode.swift; path = SceneDelegate.swift; sourceTree = "<group>"; };
		020C721028168FF500A0DE3A /* MainView.swift */ = {isa = PBXFileReference; lastKnownFileType = sourcecode.swift; path = MainView.swift; sourceTree = "<group>"; };
		020C721228168FF500A0DE3A /* MainViewController.swift */ = {isa = PBXFileReference; lastKnownFileType = sourcecode.swift; path = MainViewController.swift; sourceTree = "<group>"; };
		020C721428168FF500A0DE3A /* Assets.xcassets */ = {isa = PBXFileReference; lastKnownFileType = folder.assetcatalog; path = Assets.xcassets; sourceTree = "<group>"; };
		020C721728168FF500A0DE3A /* Base */ = {isa = PBXFileReference; lastKnownFileType = file.storyboard; name = Base; path = Base.lproj/LaunchScreen.storyboard; sourceTree = "<group>"; };
		020C721928168FF500A0DE3A /* Info.plist */ = {isa = PBXFileReference; lastKnownFileType = text.plist.xml; path = Info.plist; sourceTree = "<group>"; };
		020C7222281690CB00A0DE3A /* HotReloadingExamples.entitlements */ = {isa = PBXFileReference; lastKnownFileType = text.plist.entitlements; path = HotReloadingExamples.entitlements; sourceTree = "<group>"; };
		020C72282816929900A0DE3A /* HotReloadingAppKitExample.app */ = {isa = PBXFileReference; explicitFileType = wrapper.application; includeInIndex = 0; path = HotReloadingAppKitExample.app; sourceTree = BUILT_PRODUCTS_DIR; };
		020C722A2816929900A0DE3A /* AppDelegate.swift */ = {isa = PBXFileReference; lastKnownFileType = sourcecode.swift; path = AppDelegate.swift; sourceTree = "<group>"; };
		020C722C2816929900A0DE3A /* ViewController.swift */ = {isa = PBXFileReference; lastKnownFileType = sourcecode.swift; path = ViewController.swift; sourceTree = "<group>"; };
		020C722E2816929900A0DE3A /* Assets.xcassets */ = {isa = PBXFileReference; lastKnownFileType = folder.assetcatalog; path = Assets.xcassets; sourceTree = "<group>"; };
		020C72312816929900A0DE3A /* Base */ = {isa = PBXFileReference; lastKnownFileType = file.storyboard; name = Base; path = Base.lproj/Main.storyboard; sourceTree = "<group>"; };
		020C72332816929900A0DE3A /* HotReloadingAppKitExample.entitlements */ = {isa = PBXFileReference; lastKnownFileType = text.plist.entitlements; path = HotReloadingAppKitExample.entitlements; sourceTree = "<group>"; };
		020C72372816930800A0DE3A /* main.swift */ = {isa = PBXFileReference; lastKnownFileType = sourcecode.swift; path = main.swift; sourceTree = "<group>"; };
/* End PBXFileReference section */

/* Begin PBXFrameworksBuildPhase section */
		020C720328168FF500A0DE3A /* Frameworks */ = {
			isa = PBXFrameworksBuildPhase;
			buildActionMask = 2147483647;
			files = (
				020C72212816905400A0DE3A /* Inject in Frameworks */,
			);
			runOnlyForDeploymentPostprocessing = 0;
		};
		020C72252816929900A0DE3A /* Frameworks */ = {
			isa = PBXFrameworksBuildPhase;
			buildActionMask = 2147483647;
			files = (
				020C723B2816935100A0DE3A /* Inject in Frameworks */,
			);
			runOnlyForDeploymentPostprocessing = 0;
		};
/* End PBXFrameworksBuildPhase section */

/* Begin PBXGroup section */
		020C71FD28168FF500A0DE3A = {
			isa = PBXGroup;
			children = (
				020C720828168FF500A0DE3A /* HotReloadingExamples */,
				020C72292816929900A0DE3A /* HotReloadingAppKitExample */,
				020C720728168FF500A0DE3A /* Products */,
				020C72392816935100A0DE3A /* Frameworks */,
			);
			sourceTree = "<group>";
		};
		020C720728168FF500A0DE3A /* Products */ = {
			isa = PBXGroup;
			children = (
				020C720628168FF500A0DE3A /* HotReloadingExamples.app */,
				020C72282816929900A0DE3A /* HotReloadingAppKitExample.app */,
			);
			name = Products;
			sourceTree = "<group>";
		};
		020C720828168FF500A0DE3A /* HotReloadingExamples */ = {
			isa = PBXGroup;
			children = (
				020C7222281690CB00A0DE3A /* HotReloadingExamples.entitlements */,
				020C721428168FF500A0DE3A /* Assets.xcassets */,
				020C721628168FF500A0DE3A /* LaunchScreen.storyboard */,
				020C721928168FF500A0DE3A /* Info.plist */,
				020C720928168FF500A0DE3A /* Source */,
			);
			path = HotReloadingExamples;
			sourceTree = "<group>";
		};
		020C720928168FF500A0DE3A /* Source */ = {
			isa = PBXGroup;
			children = (
				020C720A28168FF500A0DE3A /* Application */,
				020C720F28168FF500A0DE3A /* Main */,
			);
			path = Source;
			sourceTree = "<group>";
		};
		020C720A28168FF500A0DE3A /* Application */ = {
			isa = PBXGroup;
			children = (
				020C720B28168FF500A0DE3A /* AppDelegate.swift */,
				020C720D28168FF500A0DE3A /* SceneDelegate.swift */,
			);
			path = Application;
			sourceTree = "<group>";
		};
		020C720F28168FF500A0DE3A /* Main */ = {
			isa = PBXGroup;
			children = (
				020C721028168FF500A0DE3A /* MainView.swift */,
				020C721228168FF500A0DE3A /* MainViewController.swift */,
			);
			path = Main;
			sourceTree = "<group>";
		};
		020C72292816929900A0DE3A /* HotReloadingAppKitExample */ = {
			isa = PBXGroup;
			children = (
				020C72372816930800A0DE3A /* main.swift */,
				020C722A2816929900A0DE3A /* AppDelegate.swift */,
				020C722C2816929900A0DE3A /* ViewController.swift */,
				020C722E2816929900A0DE3A /* Assets.xcassets */,
				020C72302816929900A0DE3A /* Main.storyboard */,
				020C72332816929900A0DE3A /* HotReloadingAppKitExample.entitlements */,
			);
			path = HotReloadingAppKitExample;
			sourceTree = "<group>";
		};
		020C72392816935100A0DE3A /* Frameworks */ = {
			isa = PBXGroup;
			children = (
			);
			name = Frameworks;
			sourceTree = "<group>";
		};
/* End PBXGroup section */

/* Begin PBXNativeTarget section */
		020C720528168FF500A0DE3A /* HotReloadingExamples */ = {
			isa = PBXNativeTarget;
			buildConfigurationList = 020C721C28168FF500A0DE3A /* Build configuration list for PBXNativeTarget "HotReloadingExamples" */;
			buildPhases = (
				020C720228168FF500A0DE3A /* Sources */,
				020C720328168FF500A0DE3A /* Frameworks */,
				020C720428168FF500A0DE3A /* Resources */,
				020C7223281691A200A0DE3A /* Sign Injection Bundle */,
			);
			buildRules = (
			);
			dependencies = (
			);
			name = HotReloadingExamples;
			packageProductDependencies = (
				020C72202816905300A0DE3A /* Inject */,
			);
			productName = HotReloadingExamples;
			productReference = 020C720628168FF500A0DE3A /* HotReloadingExamples.app */;
			productType = "com.apple.product-type.application";
		};
		020C72272816929900A0DE3A /* HotReloadingAppKitExample */ = {
			isa = PBXNativeTarget;
			buildConfigurationList = 020C72342816929900A0DE3A /* Build configuration list for PBXNativeTarget "HotReloadingAppKitExample" */;
			buildPhases = (
				020C72242816929900A0DE3A /* Sources */,
				020C72252816929900A0DE3A /* Frameworks */,
				020C72262816929900A0DE3A /* Resources */,
			);
			buildRules = (
			);
			dependencies = (
				020C723E2816935100A0DE3A /* PBXTargetDependency */,
			);
			name = HotReloadingAppKitExample;
			packageProductDependencies = (
				020C723A2816935100A0DE3A /* Inject */,
			);
			productName = HotReloadingAppKitExample;
			productReference = 020C72282816929900A0DE3A /* HotReloadingAppKitExample.app */;
			productType = "com.apple.product-type.application";
		};
/* End PBXNativeTarget section */

/* Begin PBXProject section */
		020C71FE28168FF500A0DE3A /* Project object */ = {
			isa = PBXProject;
			attributes = {
				BuildIndependentTargetsInParallel = 1;
				LastSwiftUpdateCheck = 1330;
				LastUpgradeCheck = 1330;
				TargetAttributes = {
					020C720528168FF500A0DE3A = {
						CreatedOnToolsVersion = 13.3;
					};
					020C72272816929900A0DE3A = {
						CreatedOnToolsVersion = 13.3;
					};
				};
			};
			buildConfigurationList = 020C720128168FF500A0DE3A /* Build configuration list for PBXProject "HotReloadingExamples" */;
			compatibilityVersion = "Xcode 13.0";
			developmentRegion = en;
			hasScannedForEncodings = 0;
			knownRegions = (
				en,
				Base,
			);
			mainGroup = 020C71FD28168FF500A0DE3A;
			packageReferences = (
				020C721F2816905300A0DE3A /* XCRemoteSwiftPackageReference "Inject" */,
			);
			productRefGroup = 020C720728168FF500A0DE3A /* Products */;
			projectDirPath = "";
			projectRoot = "";
			targets = (
				020C720528168FF500A0DE3A /* HotReloadingExamples */,
				020C72272816929900A0DE3A /* HotReloadingAppKitExample */,
			);
		};
/* End PBXProject section */

/* Begin PBXResourcesBuildPhase section */
		020C720428168FF500A0DE3A /* Resources */ = {
			isa = PBXResourcesBuildPhase;
			buildActionMask = 2147483647;
			files = (
				020C721528168FF500A0DE3A /* Assets.xcassets in Resources */,
				020C721828168FF500A0DE3A /* LaunchScreen.storyboard in Resources */,
			);
			runOnlyForDeploymentPostprocessing = 0;
		};
		020C72262816929900A0DE3A /* Resources */ = {
			isa = PBXResourcesBuildPhase;
			buildActionMask = 2147483647;
			files = (
				020C722F2816929900A0DE3A /* Assets.xcassets in Resources */,
				020C72322816929900A0DE3A /* Main.storyboard in Resources */,
				020C723C2816935100A0DE3A /* HotReloadingExamples.app in Resources */,
			);
			runOnlyForDeploymentPostprocessing = 0;
		};
/* End PBXResourcesBuildPhase section */

/* Begin PBXShellScriptBuildPhase section */
		020C7223281691A200A0DE3A /* Sign Injection Bundle */ = {
			isa = PBXShellScriptBuildPhase;
			buildActionMask = 2147483647;
			files = (
			);
			inputFileListPaths = (
			);
			inputPaths = (
			);
			name = "Sign Injection Bundle";
			outputFileListPaths = (
			);
			outputPaths = (
			);
			runOnlyForDeploymentPostprocessing = 0;
			shellPath = /bin/sh;
			shellScript = "export CODESIGN_ALLOCATE\\=/Applications/Xcode.app/Contents/Developer/Toolchains/XcodeDefault.xctoolchain/usr/bin/codesign_allocate\nINJECTION_APP_RESOURCES=/Applications/InjectionIII.app/Contents/Resources\n/usr/bin/codesign --force --sign $EXPANDED_CODE_SIGN_IDENTITY  $INJECTION_APP_RESOURCES/macOSInjection.bundle/Contents/MacOS/macOSInjection\n/usr/bin/codesign --force --sign $EXPANDED_CODE_SIGN_IDENTITY  $INJECTION_APP_RESOURCES/macOSSwiftUISupport.bundle/Contents/MacOS/macOSSwiftUISupport\n/usr/bin/codesign --force --sign $EXPANDED_CODE_SIGN_IDENTITY $INJECTION_APP_RESOURCES/macOSInjection.bundle/Contents/Frameworks/SwiftTrace.framework/SwiftTrace\ndefaults write com.johnholdsworth.InjectionIII \"$PROJECT_FILE_PATH\" $EXPANDED_CODE_SIGN_IDENTITY\n";
		};
/* End PBXShellScriptBuildPhase section */

/* Begin PBXSourcesBuildPhase section */
		020C720228168FF500A0DE3A /* Sources */ = {
			isa = PBXSourcesBuildPhase;
			buildActionMask = 2147483647;
			files = (
				020C720C28168FF500A0DE3A /* AppDelegate.swift in Sources */,
				020C721128168FF500A0DE3A /* MainView.swift in Sources */,
				020C720E28168FF500A0DE3A /* SceneDelegate.swift in Sources */,
				020C721328168FF500A0DE3A /* MainViewController.swift in Sources */,
			);
			runOnlyForDeploymentPostprocessing = 0;
		};
		020C72242816929900A0DE3A /* Sources */ = {
			isa = PBXSourcesBuildPhase;
			buildActionMask = 2147483647;
			files = (
				020C722D2816929900A0DE3A /* ViewController.swift in Sources */,
				020C722B2816929900A0DE3A /* AppDelegate.swift in Sources */,
				020C72382816930800A0DE3A /* main.swift in Sources */,
			);
			runOnlyForDeploymentPostprocessing = 0;
		};
/* End PBXSourcesBuildPhase section */

/* Begin PBXTargetDependency section */
		020C723E2816935100A0DE3A /* PBXTargetDependency */ = {
			isa = PBXTargetDependency;
			target = 020C720528168FF500A0DE3A /* HotReloadingExamples */;
			targetProxy = 020C723D2816935100A0DE3A /* PBXContainerItemProxy */;
		};
/* End PBXTargetDependency section */

/* Begin PBXVariantGroup section */
		020C721628168FF500A0DE3A /* LaunchScreen.storyboard */ = {
			isa = PBXVariantGroup;
			children = (
				020C721728168FF500A0DE3A /* Base */,
			);
			name = LaunchScreen.storyboard;
			sourceTree = "<group>";
		};
		020C72302816929900A0DE3A /* Main.storyboard */ = {
			isa = PBXVariantGroup;
			children = (
				020C72312816929900A0DE3A /* Base */,
			);
			name = Main.storyboard;
			sourceTree = "<group>";
		};
/* End PBXVariantGroup section */

/* Begin XCBuildConfiguration section */
		020C721A28168FF500A0DE3A /* Debug */ = {
			isa = XCBuildConfiguration;
			buildSettings = {
				ALWAYS_SEARCH_USER_PATHS = NO;
				CLANG_ANALYZER_NONNULL = YES;
				CLANG_ANALYZER_NUMBER_OBJECT_CONVERSION = YES_AGGRESSIVE;
				CLANG_CXX_LANGUAGE_STANDARD = "gnu++17";
				CLANG_ENABLE_MODULES = YES;
				CLANG_ENABLE_OBJC_ARC = YES;
				CLANG_ENABLE_OBJC_WEAK = YES;
				CLANG_WARN_BLOCK_CAPTURE_AUTORELEASING = YES;
				CLANG_WARN_BOOL_CONVERSION = YES;
				CLANG_WARN_COMMA = YES;
				CLANG_WARN_CONSTANT_CONVERSION = YES;
				CLANG_WARN_DEPRECATED_OBJC_IMPLEMENTATIONS = YES;
				CLANG_WARN_DIRECT_OBJC_ISA_USAGE = YES_ERROR;
				CLANG_WARN_DOCUMENTATION_COMMENTS = YES;
				CLANG_WARN_EMPTY_BODY = YES;
				CLANG_WARN_ENUM_CONVERSION = YES;
				CLANG_WARN_INFINITE_RECURSION = YES;
				CLANG_WARN_INT_CONVERSION = YES;
				CLANG_WARN_NON_LITERAL_NULL_CONVERSION = YES;
				CLANG_WARN_OBJC_IMPLICIT_RETAIN_SELF = YES;
				CLANG_WARN_OBJC_LITERAL_CONVERSION = YES;
				CLANG_WARN_OBJC_ROOT_CLASS = YES_ERROR;
				CLANG_WARN_QUOTED_INCLUDE_IN_FRAMEWORK_HEADER = YES;
				CLANG_WARN_RANGE_LOOP_ANALYSIS = YES;
				CLANG_WARN_STRICT_PROTOTYPES = YES;
				CLANG_WARN_SUSPICIOUS_MOVE = YES;
				CLANG_WARN_UNGUARDED_AVAILABILITY = YES_AGGRESSIVE;
				CLANG_WARN_UNREACHABLE_CODE = YES;
				CLANG_WARN__DUPLICATE_METHOD_MATCH = YES;
				"CODE_SIGN_IDENTITY[sdk=iphoneos*]" = "iPhone Developer";
				COPY_PHASE_STRIP = NO;
				DEBUG_INFORMATION_FORMAT = dwarf;
				ENABLE_STRICT_OBJC_MSGSEND = YES;
				ENABLE_TESTABILITY = YES;
				GCC_C_LANGUAGE_STANDARD = gnu11;
				GCC_DYNAMIC_NO_PIC = NO;
				GCC_NO_COMMON_BLOCKS = YES;
				GCC_OPTIMIZATION_LEVEL = 0;
				GCC_PREPROCESSOR_DEFINITIONS = (
					"DEBUG=1",
					"$(inherited)",
				);
				GCC_WARN_64_TO_32_BIT_CONVERSION = YES;
				GCC_WARN_ABOUT_RETURN_TYPE = YES_ERROR;
				GCC_WARN_UNDECLARED_SELECTOR = YES;
				GCC_WARN_UNINITIALIZED_AUTOS = YES_AGGRESSIVE;
				GCC_WARN_UNUSED_FUNCTION = YES;
				GCC_WARN_UNUSED_VARIABLE = YES;
				MTL_ENABLE_DEBUG_INFO = INCLUDE_SOURCE;
				MTL_FAST_MATH = YES;
				ONLY_ACTIVE_ARCH = YES;
				SWIFT_VERSION = 5.0;
			};
			name = Debug;
		};
		020C721B28168FF500A0DE3A /* Release */ = {
			isa = XCBuildConfiguration;
			buildSettings = {
				ALWAYS_SEARCH_USER_PATHS = NO;
				CLANG_ANALYZER_NONNULL = YES;
				CLANG_ANALYZER_NUMBER_OBJECT_CONVERSION = YES_AGGRESSIVE;
				CLANG_CXX_LANGUAGE_STANDARD = "gnu++17";
				CLANG_ENABLE_MODULES = YES;
				CLANG_ENABLE_OBJC_ARC = YES;
				CLANG_ENABLE_OBJC_WEAK = YES;
				CLANG_WARN_BLOCK_CAPTURE_AUTORELEASING = YES;
				CLANG_WARN_BOOL_CONVERSION = YES;
				CLANG_WARN_COMMA = YES;
				CLANG_WARN_CONSTANT_CONVERSION = YES;
				CLANG_WARN_DEPRECATED_OBJC_IMPLEMENTATIONS = YES;
				CLANG_WARN_DIRECT_OBJC_ISA_USAGE = YES_ERROR;
				CLANG_WARN_DOCUMENTATION_COMMENTS = YES;
				CLANG_WARN_EMPTY_BODY = YES;
				CLANG_WARN_ENUM_CONVERSION = YES;
				CLANG_WARN_INFINITE_RECURSION = YES;
				CLANG_WARN_INT_CONVERSION = YES;
				CLANG_WARN_NON_LITERAL_NULL_CONVERSION = YES;
				CLANG_WARN_OBJC_IMPLICIT_RETAIN_SELF = YES;
				CLANG_WARN_OBJC_LITERAL_CONVERSION = YES;
				CLANG_WARN_OBJC_ROOT_CLASS = YES_ERROR;
				CLANG_WARN_QUOTED_INCLUDE_IN_FRAMEWORK_HEADER = YES;
				CLANG_WARN_RANGE_LOOP_ANALYSIS = YES;
				CLANG_WARN_STRICT_PROTOTYPES = YES;
				CLANG_WARN_SUSPICIOUS_MOVE = YES;
				CLANG_WARN_UNGUARDED_AVAILABILITY = YES_AGGRESSIVE;
				CLANG_WARN_UNREACHABLE_CODE = YES;
				CLANG_WARN__DUPLICATE_METHOD_MATCH = YES;
				"CODE_SIGN_IDENTITY[sdk=iphoneos*]" = "iPhone Developer";
				COPY_PHASE_STRIP = NO;
				DEBUG_INFORMATION_FORMAT = "dwarf-with-dsym";
				ENABLE_NS_ASSERTIONS = NO;
				ENABLE_STRICT_OBJC_MSGSEND = YES;
				GCC_C_LANGUAGE_STANDARD = gnu11;
				GCC_NO_COMMON_BLOCKS = YES;
				GCC_WARN_64_TO_32_BIT_CONVERSION = YES;
				GCC_WARN_ABOUT_RETURN_TYPE = YES_ERROR;
				GCC_WARN_UNDECLARED_SELECTOR = YES;
				GCC_WARN_UNINITIALIZED_AUTOS = YES_AGGRESSIVE;
				GCC_WARN_UNUSED_FUNCTION = YES;
				GCC_WARN_UNUSED_VARIABLE = YES;
				MTL_ENABLE_DEBUG_INFO = NO;
				MTL_FAST_MATH = YES;
				SWIFT_VERSION = 5.0;
			};
			name = Release;
		};
		020C721D28168FF500A0DE3A /* Debug */ = {
			isa = XCBuildConfiguration;
			buildSettings = {
				ASSETCATALOG_COMPILER_APPICON_NAME = AppIcon;
				CODE_SIGN_ENTITLEMENTS = HotReloadingExamples/HotReloadingExamples.entitlements;
				CODE_SIGN_IDENTITY = "iPhone Developer";
				CODE_SIGN_STYLE = Automatic;
				CURRENT_PROJECT_VERSION = 1;
				DEVELOPMENT_TEAM = PVGYED8SW9;
				ENABLE_BITCODE = NO;
				"ENABLE_HARDENED_RUNTIME[sdk=macosx*]" = YES;
				GENERATE_INFOPLIST_FILE = YES;
				INFOPLIST_FILE = HotReloadingExamples/Info.plist;
				INFOPLIST_KEY_UILaunchStoryboardName = LaunchScreen;
				IPHONEOS_DEPLOYMENT_TARGET = 15.4;
				LD_RUNPATH_SEARCH_PATHS = (
					"$(inherited)",
					"@executable_path/Frameworks",
				);
				MARKETING_VERSION = 1.0;
				OTHER_LDFLAGS = (
					"-Xlinker",
					"-interposable",
				);
				PRODUCT_BUNDLE_IDENTIFIER = com.roadesign.HotReloadingExamples;
				PRODUCT_NAME = HotReloadingExamples;
				SDKROOT = iphoneos;
				SUPPORTS_MACCATALYST = YES;
				SWIFT_EMIT_LOC_STRINGS = YES;
				TARGETED_DEVICE_FAMILY = "1,2";
			};
			name = Debug;
		};
		020C721E28168FF500A0DE3A /* Release */ = {
			isa = XCBuildConfiguration;
			buildSettings = {
				ASSETCATALOG_COMPILER_APPICON_NAME = AppIcon;
				CODE_SIGN_ENTITLEMENTS = HotReloadingExamples/HotReloadingExamples.entitlements;
				CODE_SIGN_IDENTITY = "iPhone Developer";
				CODE_SIGN_STYLE = Automatic;
				CURRENT_PROJECT_VERSION = 1;
				DEVELOPMENT_TEAM = PVGYED8SW9;
				ENABLE_BITCODE = NO;
				"ENABLE_HARDENED_RUNTIME[sdk=macosx*]" = YES;
				GENERATE_INFOPLIST_FILE = YES;
				INFOPLIST_FILE = HotReloadingExamples/Info.plist;
				INFOPLIST_KEY_UILaunchStoryboardName = LaunchScreen;
				IPHONEOS_DEPLOYMENT_TARGET = 15.4;
				LD_RUNPATH_SEARCH_PATHS = (
					"$(inherited)",
					"@executable_path/Frameworks",
				);
				MARKETING_VERSION = 1.0;
				OTHER_LDFLAGS = (
					"-Xlinker",
					"-interposable",
				);
				PRODUCT_BUNDLE_IDENTIFIER = com.roadesign.HotReloadingExamples;
				PRODUCT_NAME = HotReloadingExamples;
				SDKROOT = iphoneos;
				SUPPORTS_MACCATALYST = YES;
				SWIFT_EMIT_LOC_STRINGS = YES;
				TARGETED_DEVICE_FAMILY = "1,2";
				VALIDATE_PRODUCT = YES;
			};
			name = Release;
		};
		020C72352816929900A0DE3A /* Debug */ = {
			isa = XCBuildConfiguration;
			buildSettings = {
				ASSETCATALOG_COMPILER_APPICON_NAME = AppIcon;
				ASSETCATALOG_COMPILER_GLOBAL_ACCENT_COLOR_NAME = AccentColor;
				CODE_SIGN_ENTITLEMENTS = HotReloadingAppKitExample/HotReloadingAppKitExample.entitlements;
				CODE_SIGN_STYLE = Automatic;
				COMBINE_HIDPI_IMAGES = YES;
				CURRENT_PROJECT_VERSION = 1;
				DEVELOPMENT_TEAM = PVGYED8SW9;
				ENABLE_HARDENED_RUNTIME = YES;
				GENERATE_INFOPLIST_FILE = YES;
				INFOPLIST_KEY_NSHumanReadableCopyright = "";
				INFOPLIST_KEY_NSPrincipalClass = NSApplication;
				LD_RUNPATH_SEARCH_PATHS = (
					"$(inherited)",
					"@executable_path/../Frameworks",
				);
				MACOSX_DEPLOYMENT_TARGET = 12.3;
				MARKETING_VERSION = 1.0;
				OTHER_LDFLAGS = (
					"-Xlinker",
					"-interposable",
				);
				PRODUCT_BUNDLE_IDENTIFIER = com.roadesign.HotReloadingAppKitExample;
				PRODUCT_NAME = "$(TARGET_NAME)";
				SDKROOT = macosx;
				SWIFT_ACTIVE_COMPILATION_CONDITIONS = DEBUG;
				SWIFT_EMIT_LOC_STRINGS = YES;
				SWIFT_OPTIMIZATION_LEVEL = "-Onone";
				SWIFT_VERSION = 5.0;
			};
			name = Debug;
		};
		020C72362816929900A0DE3A /* Release */ = {
			isa = XCBuildConfiguration;
			buildSettings = {
				ASSETCATALOG_COMPILER_APPICON_NAME = AppIcon;
				ASSETCATALOG_COMPILER_GLOBAL_ACCENT_COLOR_NAME = AccentColor;
				CODE_SIGN_ENTITLEMENTS = HotReloadingAppKitExample/HotReloadingAppKitExample.entitlements;
				CODE_SIGN_STYLE = Automatic;
				COMBINE_HIDPI_IMAGES = YES;
				CURRENT_PROJECT_VERSION = 1;
				DEVELOPMENT_TEAM = PVGYED8SW9;
				ENABLE_HARDENED_RUNTIME = YES;
				GENERATE_INFOPLIST_FILE = YES;
				INFOPLIST_KEY_NSHumanReadableCopyright = "";
				INFOPLIST_KEY_NSPrincipalClass = NSApplication;
				LD_RUNPATH_SEARCH_PATHS = (
					"$(inherited)",
					"@executable_path/../Frameworks",
				);
				MACOSX_DEPLOYMENT_TARGET = 12.3;
				MARKETING_VERSION = 1.0;
				OTHER_LDFLAGS = (
					"-Xlinker",
					"-interposable",
				);
				PRODUCT_BUNDLE_IDENTIFIER = com.roadesign.HotReloadingAppKitExample;
				PRODUCT_NAME = "$(TARGET_NAME)";
				SDKROOT = macosx;
				SWIFT_COMPILATION_MODE = wholemodule;
				SWIFT_EMIT_LOC_STRINGS = YES;
				SWIFT_OPTIMIZATION_LEVEL = "-O";
				SWIFT_VERSION = 5.0;
			};
			name = Release;
		};
/* End XCBuildConfiguration section */

/* Begin XCConfigurationList section */
		020C720128168FF500A0DE3A /* Build configuration list for PBXProject "HotReloadingExamples" */ = {
			isa = XCConfigurationList;
			buildConfigurations = (
				020C721A28168FF500A0DE3A /* Debug */,
				020C721B28168FF500A0DE3A /* Release */,
			);
			defaultConfigurationIsVisible = 0;
			defaultConfigurationName = Release;
		};
		020C721C28168FF500A0DE3A /* Build configuration list for PBXNativeTarget "HotReloadingExamples" */ = {
			isa = XCConfigurationList;
			buildConfigurations = (
				020C721D28168FF500A0DE3A /* Debug */,
				020C721E28168FF500A0DE3A /* Release */,
			);
			defaultConfigurationIsVisible = 0;
			defaultConfigurationName = Release;
		};
		020C72342816929900A0DE3A /* Build configuration list for PBXNativeTarget "HotReloadingAppKitExample" */ = {
			isa = XCConfigurationList;
			buildConfigurations = (
				020C72352816929900A0DE3A /* Debug */,
				020C72362816929900A0DE3A /* Release */,
			);
			defaultConfigurationIsVisible = 0;
			defaultConfigurationName = Release;
		};
/* End XCConfigurationList section */

/* Begin XCRemoteSwiftPackageReference section */
		020C721F2816905300A0DE3A /* XCRemoteSwiftPackageReference "Inject" */ = {
			isa = XCRemoteSwiftPackageReference;
			repositoryURL = "https://github.com/krzysztofzablocki/Inject.git";
			requirement = {
				kind = upToNextMajorVersion;
				minimumVersion = 1.0.0;
			};
		};
/* End XCRemoteSwiftPackageReference section */

/* Begin XCSwiftPackageProductDependency section */
		020C72202816905300A0DE3A /* Inject */ = {
			isa = XCSwiftPackageProductDependency;
			package = 020C721F2816905300A0DE3A /* XCRemoteSwiftPackageReference "Inject" */;
			productName = Inject;
		};
		020C723A2816935100A0DE3A /* Inject */ = {
			isa = XCSwiftPackageProductDependency;
			package = 020C721F2816905300A0DE3A /* XCRemoteSwiftPackageReference "Inject" */;
			productName = Inject;
		};
/* End XCSwiftPackageProductDependency section */
	};
	rootObject = 020C71FE28168FF500A0DE3A /* Project object */;
}
